
Microsoft Visual Studio Solution File, Format Version 12.00
# Visual Studio Version 16
VisualStudioVersion = 16.0.31129.286
MinimumVisualStudioVersion = 10.0.40219.1
Project("{FAE04EC0-301F-11D3-BF4B-00C04F79EFBC}") = "BoekenWinkel", "BoekenWinkel\BoekenWinkel.csproj", "{B9B8898D-DA71-42F8-9B13-D5836B7FFE28}"
EndProject
Global
	GlobalSection(SolutionConfigurationPlatforms) = preSolution
		Debug|Any CPU = Debug|Any CPU
		Release|Any CPU = Release|Any CPU
	EndGlobalSection
	GlobalSection(ProjectConfigurationPlatforms) = postSolution
		{B9B8898D-DA71-42F8-9B13-D5836B7FFE28}.Debug|Any CPU.ActiveCfg = Debug|Any CPU
		{B9B8898D-DA71-42F8-9B13-D5836B7FFE28}.Debug|Any CPU.Build.0 = Debug|Any CPU
		{B9B8898D-DA71-42F8-9B13-D5836B7FFE28}.Release|Any CPU.ActiveCfg = Release|Any CPU
		{B9B8898D-DA71-42F8-9B13-D5836B7FFE28}.Release|Any CPU.Build.0 = Release|Any CPU
	EndGlobalSection
	GlobalSection(SolutionProperties) = preSolution
		HideSolutionNode = FALSE
	EndGlobalSection
	GlobalSection(ExtensibilityGlobals) = postSolution
		SolutionGuid = {BEA00774-643F-4F23-B49A-FEDCE2221B21}
	EndGlobalSection
EndGlobal
